
Microsoft Visual Studio Solution File, Format Version 12.00
# Visual Studio 15
VisualStudioVersion = 15.0.28307.1500
MinimumVisualStudioVersion = 10.0.40219.1
Project("{8BC9CEB8-8B4A-11D0-8D11-00A0C91BC942}") = "gpu_es4_ext", "gpu_es4_ext\gpu_es4_ext.vcxproj", "{CDEA7506-F160-44E3-936F-EFCF86D92E91}"
EndProject
Global
	GlobalSection(SolutionConfigurationPlatforms) = preSolution
		Debug|PSVita = Debug|PSVita
		Release|PSVita = Release|PSVita
	EndGlobalSection
	GlobalSection(ProjectConfigurationPlatforms) = postSolution
		{CDEA7506-F160-44E3-936F-EFCF86D92E91}.Debug|PSVita.ActiveCfg = Debug|PSVita
		{CDEA7506-F160-44E3-936F-EFCF86D92E91}.Debug|PSVita.Build.0 = Debug|PSVita
		{CDEA7506-F160-44E3-936F-EFCF86D92E91}.Release|PSVita.ActiveCfg = Release|PSVita
		{CDEA7506-F160-44E3-936F-EFCF86D92E91}.Release|PSVita.Build.0 = Release|PSVita
	EndGlobalSection
	GlobalSection(SolutionProperties) = preSolution
		HideSolutionNode = FALSE
	EndGlobalSection
	GlobalSection(ExtensibilityGlobals) = postSolution
		SolutionGuid = {1AA34F9A-9B5B-4A82-84BD-DDC37A0B2BE1}
	EndGlobalSection
EndGlobal
